// !$*UTF8*$!
{
	archiveVersion = 1;
	classes = {
	};
	objectVersion = 50;
	objects = {

/* Begin PBXBuildFile section */
		AF3D714126AB3EFB0057E857 /* AppDelegate.swift in Sources */ = {isa = PBXBuildFile; fileRef = AF3D714026AB3EFB0057E857 /* AppDelegate.swift */; };
		AF3D714326AB3EFB0057E857 /* SceneDelegate.swift in Sources */ = {isa = PBXBuildFile; fileRef = AF3D714226AB3EFB0057E857 /* SceneDelegate.swift */; };
		AF3D714826AB3EFB0057E857 /* Main.storyboard in Resources */ = {isa = PBXBuildFile; fileRef = AF3D714626AB3EFB0057E857 /* Main.storyboard */; };
		AF3D714A26AB3EFC0057E857 /* Assets.xcassets in Resources */ = {isa = PBXBuildFile; fileRef = AF3D714926AB3EFC0057E857 /* Assets.xcassets */; };
		AF3D714D26AB3EFC0057E857 /* LaunchScreen.storyboard in Resources */ = {isa = PBXBuildFile; fileRef = AF3D714B26AB3EFC0057E857 /* LaunchScreen.storyboard */; };
		AF3D715826AB3F7A0057E857 /* EventsTableViewController.swift in Sources */ = {isa = PBXBuildFile; fileRef = AF3D715726AB3F7A0057E857 /* EventsTableViewController.swift */; };
		AF3D715A26AB3F980057E857 /* EventTableViewCell.swift in Sources */ = {isa = PBXBuildFile; fileRef = AF3D715926AB3F980057E857 /* EventTableViewCell.swift */; };
		AF3D715C26AB3FA50057E857 /* Event.swift in Sources */ = {isa = PBXBuildFile; fileRef = AF3D715B26AB3FA50057E857 /* Event.swift */; };
		AF3D715E26AE4E6C0057E857 /* EventDetailViewController.swift in Sources */ = {isa = PBXBuildFile; fileRef = AF3D715D26AE4E6C0057E857 /* EventDetailViewController.swift */; };
		AF3D716026AE525E0057E857 /* EventsController.swift in Sources */ = {isa = PBXBuildFile; fileRef = AF3D715F26AE525E0057E857 /* EventsController.swift */; };
		AF3D716526B271240057E857 /* Date.swift in Sources */ = {isa = PBXBuildFile; fileRef = AF3D716426B271240057E857 /* Date.swift */; };
		AFB0DFCE26C72BC500CF6541 /* SportsEventTests.swift in Sources */ = {isa = PBXBuildFile; fileRef = AFB0DFCD26C72BC500CF6541 /* SportsEventTests.swift */; };
		AFB0DFD526C72BDC00CF6541 /* EventDateUnitTest.swift in Sources */ = {isa = PBXBuildFile; fileRef = AFB0DFC526C18DDF00CF6541 /* EventDateUnitTest.swift */; };
		AFB0DFD726C72F9800CF6541 /* String+ISO8601Format.swift in Sources */ = {isa = PBXBuildFile; fileRef = AFB0DFD626C72F9800CF6541 /* String+ISO8601Format.swift */; };
/* End PBXBuildFile section */

/* Begin PBXContainerItemProxy section */
		AFB0DFD026C72BC500CF6541 /* PBXContainerItemProxy */ = {
			isa = PBXContainerItemProxy;
			containerPortal = AF3D713526AB3EFB0057E857 /* Project object */;
			proxyType = 1;
			remoteGlobalIDString = AF3D713C26AB3EFB0057E857;
			remoteInfo = SportsEvent;
		};
/* End PBXContainerItemProxy section */

/* Begin PBXFileReference section */
		AF3D713D26AB3EFB0057E857 /* SportsEvent.app */ = {isa = PBXFileReference; explicitFileType = wrapper.application; includeInIndex = 0; path = SportsEvent.app; sourceTree = BUILT_PRODUCTS_DIR; };
		AF3D714026AB3EFB0057E857 /* AppDelegate.swift */ = {isa = PBXFileReference; lastKnownFileType = sourcecode.swift; path = AppDelegate.swift; sourceTree = "<group>"; };
		AF3D714226AB3EFB0057E857 /* SceneDelegate.swift */ = {isa = PBXFileReference; lastKnownFileType = sourcecode.swift; path = SceneDelegate.swift; sourceTree = "<group>"; };
		AF3D714726AB3EFB0057E857 /* Base */ = {isa = PBXFileReference; lastKnownFileType = file.storyboard; name = Base; path = Base.lproj/Main.storyboard; sourceTree = "<group>"; };
		AF3D714926AB3EFC0057E857 /* Assets.xcassets */ = {isa = PBXFileReference; lastKnownFileType = folder.assetcatalog; path = Assets.xcassets; sourceTree = "<group>"; };
		AF3D714C26AB3EFC0057E857 /* Base */ = {isa = PBXFileReference; lastKnownFileType = file.storyboard; name = Base; path = Base.lproj/LaunchScreen.storyboard; sourceTree = "<group>"; };
		AF3D714E26AB3EFC0057E857 /* Info.plist */ = {isa = PBXFileReference; lastKnownFileType = text.plist.xml; path = Info.plist; sourceTree = "<group>"; };
		AF3D715726AB3F7A0057E857 /* EventsTableViewController.swift */ = {isa = PBXFileReference; lastKnownFileType = sourcecode.swift; path = EventsTableViewController.swift; sourceTree = "<group>"; };
		AF3D715926AB3F980057E857 /* EventTableViewCell.swift */ = {isa = PBXFileReference; lastKnownFileType = sourcecode.swift; path = EventTableViewCell.swift; sourceTree = "<group>"; };
		AF3D715B26AB3FA50057E857 /* Event.swift */ = {isa = PBXFileReference; lastKnownFileType = sourcecode.swift; path = Event.swift; sourceTree = "<group>"; };
		AF3D715D26AE4E6C0057E857 /* EventDetailViewController.swift */ = {isa = PBXFileReference; lastKnownFileType = sourcecode.swift; path = EventDetailViewController.swift; sourceTree = "<group>"; };
		AF3D715F26AE525E0057E857 /* EventsController.swift */ = {isa = PBXFileReference; lastKnownFileType = sourcecode.swift; path = EventsController.swift; sourceTree = "<group>"; };
		AF3D716426B271240057E857 /* Date.swift */ = {isa = PBXFileReference; lastKnownFileType = sourcecode.swift; path = Date.swift; sourceTree = "<group>"; };
		AFB0DFC526C18DDF00CF6541 /* EventDateUnitTest.swift */ = {isa = PBXFileReference; lastKnownFileType = sourcecode.swift; path = EventDateUnitTest.swift; sourceTree = "<group>"; };
		AFB0DFCB26C72BC500CF6541 /* SportsEventTests.xctest */ = {isa = PBXFileReference; explicitFileType = wrapper.cfbundle; includeInIndex = 0; path = SportsEventTests.xctest; sourceTree = BUILT_PRODUCTS_DIR; };
		AFB0DFCD26C72BC500CF6541 /* SportsEventTests.swift */ = {isa = PBXFileReference; lastKnownFileType = sourcecode.swift; path = SportsEventTests.swift; sourceTree = "<group>"; };
		AFB0DFCF26C72BC500CF6541 /* Info.plist */ = {isa = PBXFileReference; lastKnownFileType = text.plist.xml; path = Info.plist; sourceTree = "<group>"; };
		AFB0DFD626C72F9800CF6541 /* String+ISO8601Format.swift */ = {isa = PBXFileReference; lastKnownFileType = sourcecode.swift; path = "String+ISO8601Format.swift"; sourceTree = "<group>"; };
/* End PBXFileReference section */

/* Begin PBXFrameworksBuildPhase section */
		AF3D713A26AB3EFB0057E857 /* Frameworks */ = {
			isa = PBXFrameworksBuildPhase;
			buildActionMask = 2147483647;
			files = (
			);
			runOnlyForDeploymentPostprocessing = 0;
		};
		AFB0DFC826C72BC500CF6541 /* Frameworks */ = {
			isa = PBXFrameworksBuildPhase;
			buildActionMask = 2147483647;
			files = (
			);
			runOnlyForDeploymentPostprocessing = 0;
		};
/* End PBXFrameworksBuildPhase section */

/* Begin PBXGroup section */
		AF3D713426AB3EFB0057E857 = {
			isa = PBXGroup;
			children = (
				AF3D713F26AB3EFB0057E857 /* SportsEvent */,
				AFB0DFCC26C72BC500CF6541 /* SportsEventTests */,
				AF3D713E26AB3EFB0057E857 /* Products */,
			);
			sourceTree = "<group>";
		};
		AF3D713E26AB3EFB0057E857 /* Products */ = {
			isa = PBXGroup;
			children = (
				AF3D713D26AB3EFB0057E857 /* SportsEvent.app */,
				AFB0DFCB26C72BC500CF6541 /* SportsEventTests.xctest */,
			);
			name = Products;
			sourceTree = "<group>";
		};
		AF3D713F26AB3EFB0057E857 /* SportsEvent */ = {
			isa = PBXGroup;
			children = (
				AF3D715626AB3F590057E857 /* Model */,
				AF3D715526AB3F530057E857 /* Views */,
				AF3D715426AB3F4A0057E857 /* ViewController */,
				AF3D714026AB3EFB0057E857 /* AppDelegate.swift */,
				AF3D714226AB3EFB0057E857 /* SceneDelegate.swift */,
				AF3D714626AB3EFB0057E857 /* Main.storyboard */,
				AF3D714926AB3EFC0057E857 /* Assets.xcassets */,
				AF3D714B26AB3EFC0057E857 /* LaunchScreen.storyboard */,
				AF3D714E26AB3EFC0057E857 /* Info.plist */,
				AFB0DFD626C72F9800CF6541 /* String+ISO8601Format.swift */,
			);
			path = SportsEvent;
			sourceTree = "<group>";
		};
		AF3D715426AB3F4A0057E857 /* ViewController */ = {
			isa = PBXGroup;
			children = (
				AF3D715726AB3F7A0057E857 /* EventsTableViewController.swift */,
				AF3D715D26AE4E6C0057E857 /* EventDetailViewController.swift */,
			);
			path = ViewController;
			sourceTree = "<group>";
		};
		AF3D715526AB3F530057E857 /* Views */ = {
			isa = PBXGroup;
			children = (
				AF3D715926AB3F980057E857 /* EventTableViewCell.swift */,
			);
			path = Views;
			sourceTree = "<group>";
		};
		AF3D715626AB3F590057E857 /* Model */ = {
			isa = PBXGroup;
			children = (
				AF3D715B26AB3FA50057E857 /* Event.swift */,
				AF3D715F26AE525E0057E857 /* EventsController.swift */,
				AF3D716426B271240057E857 /* Date.swift */,
			);
			path = Model;
			sourceTree = "<group>";
		};
		AFB0DFCC26C72BC500CF6541 /* SportsEventTests */ = {
			isa = PBXGroup;
			children = (
				AFB0DFC526C18DDF00CF6541 /* EventDateUnitTest.swift */,
				AFB0DFCD26C72BC500CF6541 /* SportsEventTests.swift */,
				AFB0DFCF26C72BC500CF6541 /* Info.plist */,
			);
			path = SportsEventTests;
			sourceTree = "<group>";
		};
/* End PBXGroup section */

/* Begin PBXNativeTarget section */
		AF3D713C26AB3EFB0057E857 /* SportsEvent */ = {
			isa = PBXNativeTarget;
			buildConfigurationList = AF3D715126AB3EFC0057E857 /* Build configuration list for PBXNativeTarget "SportsEvent" */;
			buildPhases = (
				AF3D713926AB3EFB0057E857 /* Sources */,
				AF3D713A26AB3EFB0057E857 /* Frameworks */,
				AF3D713B26AB3EFB0057E857 /* Resources */,
			);
			buildRules = (
			);
			dependencies = (
			);
			name = SportsEvent;
			productName = SportsEvent;
			productReference = AF3D713D26AB3EFB0057E857 /* SportsEvent.app */;
			productType = "com.apple.product-type.application";
		};
		AFB0DFCA26C72BC500CF6541 /* SportsEventTests */ = {
			isa = PBXNativeTarget;
			buildConfigurationList = AFB0DFD426C72BC500CF6541 /* Build configuration list for PBXNativeTarget "SportsEventTests" */;
			buildPhases = (
				AFB0DFC726C72BC500CF6541 /* Sources */,
				AFB0DFC826C72BC500CF6541 /* Frameworks */,
				AFB0DFC926C72BC500CF6541 /* Resources */,
			);
			buildRules = (
			);
			dependencies = (
				AFB0DFD126C72BC500CF6541 /* PBXTargetDependency */,
			);
			name = SportsEventTests;
			productName = SportsEventTests;
			productReference = AFB0DFCB26C72BC500CF6541 /* SportsEventTests.xctest */;
			productType = "com.apple.product-type.bundle.unit-test";
		};
/* End PBXNativeTarget section */

/* Begin PBXProject section */
		AF3D713526AB3EFB0057E857 /* Project object */ = {
			isa = PBXProject;
			attributes = {
				LastSwiftUpdateCheck = 1250;
				LastUpgradeCheck = 1250;
				TargetAttributes = {
					AF3D713C26AB3EFB0057E857 = {
						CreatedOnToolsVersion = 12.5.1;
					};
					AFB0DFCA26C72BC500CF6541 = {
						CreatedOnToolsVersion = 12.5.1;
						TestTargetID = AF3D713C26AB3EFB0057E857;
					};
				};
			};
			buildConfigurationList = AF3D713826AB3EFB0057E857 /* Build configuration list for PBXProject "SportsEvent" */;
			compatibilityVersion = "Xcode 9.3";
			developmentRegion = en;
			hasScannedForEncodings = 0;
			knownRegions = (
				en,
				Base,
			);
			mainGroup = AF3D713426AB3EFB0057E857;
			productRefGroup = AF3D713E26AB3EFB0057E857 /* Products */;
			projectDirPath = "";
			projectRoot = "";
			targets = (
				AF3D713C26AB3EFB0057E857 /* SportsEvent */,
				AFB0DFCA26C72BC500CF6541 /* SportsEventTests */,
			);
		};
/* End PBXProject section */

/* Begin PBXResourcesBuildPhase section */
		AF3D713B26AB3EFB0057E857 /* Resources */ = {
			isa = PBXResourcesBuildPhase;
			buildActionMask = 2147483647;
			files = (
				AF3D714D26AB3EFC0057E857 /* LaunchScreen.storyboard in Resources */,
				AF3D714A26AB3EFC0057E857 /* Assets.xcassets in Resources */,
				AF3D714826AB3EFB0057E857 /* Main.storyboard in Resources */,
			);
			runOnlyForDeploymentPostprocessing = 0;
		};
		AFB0DFC926C72BC500CF6541 /* Resources */ = {
			isa = PBXResourcesBuildPhase;
			buildActionMask = 2147483647;
			files = (
			);
			runOnlyForDeploymentPostprocessing = 0;
		};
/* End PBXResourcesBuildPhase section */

/* Begin PBXSourcesBuildPhase section */
		AF3D713926AB3EFB0057E857 /* Sources */ = {
			isa = PBXSourcesBuildPhase;
			buildActionMask = 2147483647;
			files = (
				AF3D715E26AE4E6C0057E857 /* EventDetailViewController.swift in Sources */,
				AF3D715A26AB3F980057E857 /* EventTableViewCell.swift in Sources */,
				AF3D714126AB3EFB0057E857 /* AppDelegate.swift in Sources */,
				AF3D714326AB3EFB0057E857 /* SceneDelegate.swift in Sources */,
				AFB0DFD726C72F9800CF6541 /* String+ISO8601Format.swift in Sources */,
				AF3D715826AB3F7A0057E857 /* EventsTableViewController.swift in Sources */,
				AF3D716026AE525E0057E857 /* EventsController.swift in Sources */,
				AF3D716526B271240057E857 /* Date.swift in Sources */,
				AF3D715C26AB3FA50057E857 /* Event.swift in Sources */,
			);
			runOnlyForDeploymentPostprocessing = 0;
		};
		AFB0DFC726C72BC500CF6541 /* Sources */ = {
			isa = PBXSourcesBuildPhase;
			buildActionMask = 2147483647;
			files = (
				AFB0DFD526C72BDC00CF6541 /* EventDateUnitTest.swift in Sources */,
				AFB0DFCE26C72BC500CF6541 /* SportsEventTests.swift in Sources */,
			);
			runOnlyForDeploymentPostprocessing = 0;
		};
/* End PBXSourcesBuildPhase section */

/* Begin PBXTargetDependency section */
		AFB0DFD126C72BC500CF6541 /* PBXTargetDependency */ = {
			isa = PBXTargetDependency;
			target = AF3D713C26AB3EFB0057E857 /* SportsEvent */;
			targetProxy = AFB0DFD026C72BC500CF6541 /* PBXContainerItemProxy */;
		};
/* End PBXTargetDependency section */

/* Begin PBXVariantGroup section */
		AF3D714626AB3EFB0057E857 /* Main.storyboard */ = {
			isa = PBXVariantGroup;
			children = (
				AF3D714726AB3EFB0057E857 /* Base */,
			);
			name = Main.storyboard;
			sourceTree = "<group>";
		};
		AF3D714B26AB3EFC0057E857 /* LaunchScreen.storyboard */ = {
			isa = PBXVariantGroup;
			children = (
				AF3D714C26AB3EFC0057E857 /* Base */,
			);
			name = LaunchScreen.storyboard;
			sourceTree = "<group>";
		};
/* End PBXVariantGroup section */

/* Begin XCBuildConfiguration section */
		AF3D714F26AB3EFC0057E857 /* Debug */ = {
			isa = XCBuildConfiguration;
			buildSettings = {
				ALWAYS_SEARCH_USER_PATHS = NO;
				CLANG_ANALYZER_NONNULL = YES;
				CLANG_ANALYZER_NUMBER_OBJECT_CONVERSION = YES_AGGRESSIVE;
				CLANG_CXX_LANGUAGE_STANDARD = "gnu++14";
				CLANG_CXX_LIBRARY = "libc++";
				CLANG_ENABLE_MODULES = YES;
				CLANG_ENABLE_OBJC_ARC = YES;
				CLANG_ENABLE_OBJC_WEAK = YES;
				CLANG_WARN_BLOCK_CAPTURE_AUTORELEASING = YES;
				CLANG_WARN_BOOL_CONVERSION = YES;
				CLANG_WARN_COMMA = YES;
				CLANG_WARN_CONSTANT_CONVERSION = YES;
				CLANG_WARN_DEPRECATED_OBJC_IMPLEMENTATIONS = YES;
				CLANG_WARN_DIRECT_OBJC_ISA_USAGE = YES_ERROR;
				CLANG_WARN_DOCUMENTATION_COMMENTS = YES;
				CLANG_WARN_EMPTY_BODY = YES;
				CLANG_WARN_ENUM_CONVERSION = YES;
				CLANG_WARN_INFINITE_RECURSION = YES;
				CLANG_WARN_INT_CONVERSION = YES;
				CLANG_WARN_NON_LITERAL_NULL_CONVERSION = YES;
				CLANG_WARN_OBJC_IMPLICIT_RETAIN_SELF = YES;
				CLANG_WARN_OBJC_LITERAL_CONVERSION = YES;
				CLANG_WARN_OBJC_ROOT_CLASS = YES_ERROR;
				CLANG_WARN_QUOTED_INCLUDE_IN_FRAMEWORK_HEADER = YES;
				CLANG_WARN_RANGE_LOOP_ANALYSIS = YES;
				CLANG_WARN_STRICT_PROTOTYPES = YES;
				CLANG_WARN_SUSPICIOUS_MOVE = YES;
				CLANG_WARN_UNGUARDED_AVAILABILITY = YES_AGGRESSIVE;
				CLANG_WARN_UNREACHABLE_CODE = YES;
				CLANG_WARN__DUPLICATE_METHOD_MATCH = YES;
				COPY_PHASE_STRIP = NO;
				DEBUG_INFORMATION_FORMAT = dwarf;
				ENABLE_STRICT_OBJC_MSGSEND = YES;
				ENABLE_TESTABILITY = YES;
				GCC_C_LANGUAGE_STANDARD = gnu11;
				GCC_DYNAMIC_NO_PIC = NO;
				GCC_NO_COMMON_BLOCKS = YES;
				GCC_OPTIMIZATION_LEVEL = 0;
				GCC_PREPROCESSOR_DEFINITIONS = (
					"DEBUG=1",
					"$(inherited)",
				);
				GCC_WARN_64_TO_32_BIT_CONVERSION = YES;
				GCC_WARN_ABOUT_RETURN_TYPE = YES_ERROR;
				GCC_WARN_UNDECLARED_SELECTOR = YES;
				GCC_WARN_UNINITIALIZED_AUTOS = YES_AGGRESSIVE;
				GCC_WARN_UNUSED_FUNCTION = YES;
				GCC_WARN_UNUSED_VARIABLE = YES;
				IPHONEOS_DEPLOYMENT_TARGET = 14.5;
				MTL_ENABLE_DEBUG_INFO = INCLUDE_SOURCE;
				MTL_FAST_MATH = YES;
				ONLY_ACTIVE_ARCH = YES;
				SDKROOT = iphoneos;
				SWIFT_ACTIVE_COMPILATION_CONDITIONS = DEBUG;
				SWIFT_OPTIMIZATION_LEVEL = "-Onone";
			};
			name = Debug;
		};
		AF3D715026AB3EFC0057E857 /* Release */ = {
			isa = XCBuildConfiguration;
			buildSettings = {
				ALWAYS_SEARCH_USER_PATHS = NO;
				CLANG_ANALYZER_NONNULL = YES;
				CLANG_ANALYZER_NUMBER_OBJECT_CONVERSION = YES_AGGRESSIVE;
				CLANG_CXX_LANGUAGE_STANDARD = "gnu++14";
				CLANG_CXX_LIBRARY = "libc++";
				CLANG_ENABLE_MODULES = YES;
				CLANG_ENABLE_OBJC_ARC = YES;
				CLANG_ENABLE_OBJC_WEAK = YES;
				CLANG_WARN_BLOCK_CAPTURE_AUTORELEASING = YES;
				CLANG_WARN_BOOL_CONVERSION = YES;
				CLANG_WARN_COMMA = YES;
				CLANG_WARN_CONSTANT_CONVERSION = YES;
				CLANG_WARN_DEPRECATED_OBJC_IMPLEMENTATIONS = YES;
				CLANG_WARN_DIRECT_OBJC_ISA_USAGE = YES_ERROR;
				CLANG_WARN_DOCUMENTATION_COMMENTS = YES;
				CLANG_WARN_EMPTY_BODY = YES;
				CLANG_WARN_ENUM_CONVERSION = YES;
				CLANG_WARN_INFINITE_RECURSION = YES;
				CLANG_WARN_INT_CONVERSION = YES;
				CLANG_WARN_NON_LITERAL_NULL_CONVERSION = YES;
				CLANG_WARN_OBJC_IMPLICIT_RETAIN_SELF = YES;
				CLANG_WARN_OBJC_LITERAL_CONVERSION = YES;
				CLANG_WARN_OBJC_ROOT_CLASS = YES_ERROR;
				CLANG_WARN_QUOTED_INCLUDE_IN_FRAMEWORK_HEADER = YES;
				CLANG_WARN_RANGE_LOOP_ANALYSIS = YES;
				CLANG_WARN_STRICT_PROTOTYPES = YES;
				CLANG_WARN_SUSPICIOUS_MOVE = YES;
				CLANG_WARN_UNGUARDED_AVAILABILITY = YES_AGGRESSIVE;
				CLANG_WARN_UNREACHABLE_CODE = YES;
				CLANG_WARN__DUPLICATE_METHOD_MATCH = YES;
				COPY_PHASE_STRIP = NO;
				DEBUG_INFORMATION_FORMAT = "dwarf-with-dsym";
				ENABLE_NS_ASSERTIONS = NO;
				ENABLE_STRICT_OBJC_MSGSEND = YES;
				GCC_C_LANGUAGE_STANDARD = gnu11;
				GCC_NO_COMMON_BLOCKS = YES;
				GCC_WARN_64_TO_32_BIT_CONVERSION = YES;
				GCC_WARN_ABOUT_RETURN_TYPE = YES_ERROR;
				GCC_WARN_UNDECLARED_SELECTOR = YES;
				GCC_WARN_UNINITIALIZED_AUTOS = YES_AGGRESSIVE;
				GCC_WARN_UNUSED_FUNCTION = YES;
				GCC_WARN_UNUSED_VARIABLE = YES;
				IPHONEOS_DEPLOYMENT_TARGET = 14.5;
				MTL_ENABLE_DEBUG_INFO = NO;
				MTL_FAST_MATH = YES;
				SDKROOT = iphoneos;
				SWIFT_COMPILATION_MODE = wholemodule;
				SWIFT_OPTIMIZATION_LEVEL = "-O";
				VALIDATE_PRODUCT = YES;
			};
			name = Release;
		};
		AF3D715226AB3EFC0057E857 /* Debug */ = {
			isa = XCBuildConfiguration;
			buildSettings = {
				ASSETCATALOG_COMPILER_APPICON_NAME = AppIcon;
				ASSETCATALOG_COMPILER_GLOBAL_ACCENT_COLOR_NAME = AccentColor;
				CODE_SIGN_STYLE = Automatic;
				DEVELOPMENT_TEAM = 37Y3Y57488;
				INFOPLIST_FILE = SportsEvent/Info.plist;
				IPHONEOS_DEPLOYMENT_TARGET = 13.0;
				LD_RUNPATH_SEARCH_PATHS = (
					"$(inherited)",
					"@executable_path/Frameworks",
				);
				PRODUCT_BUNDLE_IDENTIFIER = "Mariscal-Development.SportsEvent";
				PRODUCT_NAME = "$(TARGET_NAME)";
				SWIFT_VERSION = 5.0;
				TARGETED_DEVICE_FAMILY = "1,2";
			};
			name = Debug;
		};
		AF3D715326AB3EFC0057E857 /* Release */ = {
			isa = XCBuildConfiguration;
			buildSettings = {
				ASSETCATALOG_COMPILER_APPICON_NAME = AppIcon;
				ASSETCATALOG_COMPILER_GLOBAL_ACCENT_COLOR_NAME = AccentColor;
				CODE_SIGN_STYLE = Automatic;
				DEVELOPMENT_TEAM = 37Y3Y57488;
				INFOPLIST_FILE = SportsEvent/Info.plist;
				IPHONEOS_DEPLOYMENT_TARGET = 13.0;
				LD_RUNPATH_SEARCH_PATHS = (
					"$(inherited)",
					"@executable_path/Frameworks",
				);
				PRODUCT_BUNDLE_IDENTIFIER = "Mariscal-Development.SportsEvent";
				PRODUCT_NAME = "$(TARGET_NAME)";
				SWIFT_VERSION = 5.0;
				TARGETED_DEVICE_FAMILY = "1,2";
			};
			name = Release;
		};
		AFB0DFD226C72BC500CF6541 /* Debug */ = {
			isa = XCBuildConfiguration;
			buildSettings = {
				BUNDLE_LOADER = "$(TEST_HOST)";
				CODE_SIGN_STYLE = Automatic;
				DEVELOPMENT_TEAM = 37Y3Y57488;
				INFOPLIST_FILE = SportsEventTests/Info.plist;
				LD_RUNPATH_SEARCH_PATHS = (
					"$(inherited)",
					"@executable_path/Frameworks",
					"@loader_path/Frameworks",
				);
				PRODUCT_BUNDLE_IDENTIFIER = "Mariscal-Development.SportsEventTests";
				PRODUCT_NAME = "$(TARGET_NAME)";
				SWIFT_VERSION = 5.0;
				TARGETED_DEVICE_FAMILY = "1,2";
				TEST_HOST = "$(BUILT_PRODUCTS_DIR)/SportsEvent.app/SportsEvent";
			};
			name = Debug;
		};
		AFB0DFD326C72BC500CF6541 /* Release */ = {
			isa = XCBuildConfiguration;
			buildSettings = {
				BUNDLE_LOADER = "$(TEST_HOST)";
				CODE_SIGN_STYLE = Automatic;
				DEVELOPMENT_TEAM = 37Y3Y57488;
				INFOPLIST_FILE = SportsEventTests/Info.plist;
				LD_RUNPATH_SEARCH_PATHS = (
					"$(inherited)",
					"@executable_path/Frameworks",
					"@loader_path/Frameworks",
				);
				PRODUCT_BUNDLE_IDENTIFIER = "Mariscal-Development.SportsEventTests";
				PRODUCT_NAME = "$(TARGET_NAME)";
				SWIFT_VERSION = 5.0;
				TARGETED_DEVICE_FAMILY = "1,2";
				TEST_HOST = "$(BUILT_PRODUCTS_DIR)/SportsEvent.app/SportsEvent";
			};
			name = Release;
		};
/* End XCBuildConfiguration section */

/* Begin XCConfigurationList section */
		AF3D713826AB3EFB0057E857 /* Build configuration list for PBXProject "SportsEvent" */ = {
			isa = XCConfigurationList;
			buildConfigurations = (
				AF3D714F26AB3EFC0057E857 /* Debug */,
				AF3D715026AB3EFC0057E857 /* Release */,
			);
			defaultConfigurationIsVisible = 0;
			defaultConfigurationName = Release;
		};
		AF3D715126AB3EFC0057E857 /* Build configuration list for PBXNativeTarget "SportsEvent" */ = {
			isa = XCConfigurationList;
			buildConfigurations = (
				AF3D715226AB3EFC0057E857 /* Debug */,
				AF3D715326AB3EFC0057E857 /* Release */,
			);
			defaultConfigurationIsVisible = 0;
			defaultConfigurationName = Release;
		};
		AFB0DFD426C72BC500CF6541 /* Build configuration list for PBXNativeTarget "SportsEventTests" */ = {
			isa = XCConfigurationList;
			buildConfigurations = (
				AFB0DFD226C72BC500CF6541 /* Debug */,
				AFB0DFD326C72BC500CF6541 /* Release */,
			);
			defaultConfigurationIsVisible = 0;
			defaultConfigurationName = Release;
		};
/* End XCConfigurationList section */
	};
	rootObject = AF3D713526AB3EFB0057E857 /* Project object */;
}
